
Microsoft Visual Studio Solution File, Format Version 12.00
# Visual Studio 15
VisualStudioVersion = 15.0.28010.2016
MinimumVisualStudioVersion = 10.0.40219.1
Project("{FAE04EC0-301F-11D3-BF4B-00C04F79EFBC}") = "Tsis6P2Threads", "Tsis6P2Threads\Tsis6P2Threads.csproj", "{B8091920-3DFE-463B-B319-6F1301D20082}"
EndProject
Global
	GlobalSection(SolutionConfigurationPlatforms) = preSolution
		Debug|Any CPU = Debug|Any CPU
		Release|Any CPU = Release|Any CPU
	EndGlobalSection
	GlobalSection(ProjectConfigurationPlatforms) = postSolution
		{B8091920-3DFE-463B-B319-6F1301D20082}.Debug|Any CPU.ActiveCfg = Debug|Any CPU
		{B8091920-3DFE-463B-B319-6F1301D20082}.Debug|Any CPU.Build.0 = Debug|Any CPU
		{B8091920-3DFE-463B-B319-6F1301D20082}.Release|Any CPU.ActiveCfg = Release|Any CPU
		{B8091920-3DFE-463B-B319-6F1301D20082}.Release|Any CPU.Build.0 = Release|Any CPU
	EndGlobalSection
	GlobalSection(SolutionProperties) = preSolution
		HideSolutionNode = FALSE
	EndGlobalSection
	GlobalSection(ExtensibilityGlobals) = postSolution
		SolutionGuid = {4D4F720E-119A-4ECF-AE41-32F527508E07}
	EndGlobalSection
EndGlobal
