
Microsoft Visual Studio Solution File, Format Version 12.00
# Visual Studio 15
VisualStudioVersion = 15.0.28010.2016
MinimumVisualStudioVersion = 10.0.40219.1
Project("{FAE04EC0-301F-11D3-BF4B-00C04F79EFBC}") = "Tsis6P1", "Tsis6P1\Tsis6P1.csproj", "{B31BF932-5FCF-478A-AEA9-0135CFB4062A}"
EndProject
Global
	GlobalSection(SolutionConfigurationPlatforms) = preSolution
		Debug|Any CPU = Debug|Any CPU
		Release|Any CPU = Release|Any CPU
	EndGlobalSection
	GlobalSection(ProjectConfigurationPlatforms) = postSolution
		{B31BF932-5FCF-478A-AEA9-0135CFB4062A}.Debug|Any CPU.ActiveCfg = Debug|Any CPU
		{B31BF932-5FCF-478A-AEA9-0135CFB4062A}.Debug|Any CPU.Build.0 = Debug|Any CPU
		{B31BF932-5FCF-478A-AEA9-0135CFB4062A}.Release|Any CPU.ActiveCfg = Release|Any CPU
		{B31BF932-5FCF-478A-AEA9-0135CFB4062A}.Release|Any CPU.Build.0 = Release|Any CPU
	EndGlobalSection
	GlobalSection(SolutionProperties) = preSolution
		HideSolutionNode = FALSE
	EndGlobalSection
	GlobalSection(ExtensibilityGlobals) = postSolution
		SolutionGuid = {90360D99-8806-4E96-AA6B-69BC871381BF}
	EndGlobalSection
EndGlobal
